
Microsoft Visual Studio Solution File, Format Version 12.00
# Visual Studio Version 16
VisualStudioVersion = 16.0.31702.278
MinimumVisualStudioVersion = 10.0.40219.1
Project("{FAE04EC0-301F-11D3-BF4B-00C04F79EFBC}") = "Proje_Hastane_Yonetim_Otomasyon_Sistemi", "Proje_Hastane_Yonetim_Otomasyon_Sistemi\Proje_Hastane_Yonetim_Otomasyon_Sistemi.csproj", "{C1140711-8A89-4175-B2EA-9C5D6EF38B19}"
EndProject
Global
	GlobalSection(SolutionConfigurationPlatforms) = preSolution
		Debug|Any CPU = Debug|Any CPU
		Release|Any CPU = Release|Any CPU
	EndGlobalSection
	GlobalSection(ProjectConfigurationPlatforms) = postSolution
		{C1140711-8A89-4175-B2EA-9C5D6EF38B19}.Debug|Any CPU.ActiveCfg = Debug|Any CPU
		{C1140711-8A89-4175-B2EA-9C5D6EF38B19}.Debug|Any CPU.Build.0 = Debug|Any CPU
		{C1140711-8A89-4175-B2EA-9C5D6EF38B19}.Release|Any CPU.ActiveCfg = Release|Any CPU
		{C1140711-8A89-4175-B2EA-9C5D6EF38B19}.Release|Any CPU.Build.0 = Release|Any CPU
	EndGlobalSection
	GlobalSection(SolutionProperties) = preSolution
		HideSolutionNode = FALSE
	EndGlobalSection
	GlobalSection(ExtensibilityGlobals) = postSolution
		SolutionGuid = {FFD5E344-5E8C-4D7C-A7DE-3B15CA30A120}
	EndGlobalSection
EndGlobal
